
Microsoft Visual Studio Solution File, Format Version 12.00
# Visual Studio Version 16
VisualStudioVersion = 16.0.31605.320
MinimumVisualStudioVersion = 10.0.40219.1
Project("{FAE04EC0-301F-11D3-BF4B-00C04F79EFBC}") = "CommandService", "CommandService.csproj", "{13AC2072-6283-4E45-BA10-5182F855DB21}"
EndProject
Global
	GlobalSection(SolutionConfigurationPlatforms) = preSolution
		Debug|Any CPU = Debug|Any CPU
		Release|Any CPU = Release|Any CPU
	EndGlobalSection
	GlobalSection(ProjectConfigurationPlatforms) = postSolution
		{13AC2072-6283-4E45-BA10-5182F855DB21}.Debug|Any CPU.ActiveCfg = Debug|Any CPU
		{13AC2072-6283-4E45-BA10-5182F855DB21}.Debug|Any CPU.Build.0 = Debug|Any CPU
		{13AC2072-6283-4E45-BA10-5182F855DB21}.Release|Any CPU.ActiveCfg = Release|Any CPU
		{13AC2072-6283-4E45-BA10-5182F855DB21}.Release|Any CPU.Build.0 = Release|Any CPU
	EndGlobalSection
	GlobalSection(SolutionProperties) = preSolution
		HideSolutionNode = FALSE
	EndGlobalSection
	GlobalSection(ExtensibilityGlobals) = postSolution
		SolutionGuid = {B175C9DB-EC47-4D21-BD91-121AF91C7951}
	EndGlobalSection
EndGlobal
